PODS:
  - app_links (7.0.0):
    - Flutter
  - audio_session (0.0.1):
    - Flutter
  - CwlCatchException (2.2.1):
    - CwlCatchExceptionSupport (~> 2.2.1)
  - CwlCatchExceptionSupport (2.2.1)
  - Flutter (1.0.0)
  - flutter_image_compress_common (1.0.0):
    - Flutter
    - SDWebImage
    - SDWebImageWebPCoder
  - flutter_timezone (0.0.1):
    - Flutter
  - geolocator_apple (1.2.0):
    - Flutter
    - FlutterMacOS
  - image_picker_ios (0.0.1):
    - Flutter
  - just_audio (0.0.1):
    - Flutter
    - FlutterMacOS
  - libwebp (1.6.0):
    - libwebp/demux (= 1.6.0)
    - libwebp/mux (= 1.6.0)
    - libwebp/sharpyuv (= 1.6.0)
    - libwebp/webp (= 1.6.0)
  - libwebp/demux (1.6.0):
    - libwebp/webp
  - libwebp/mux (1.6.0):
    - libwebp/demux
  - libwebp/sharpyuv (1.6.0)
  - libwebp/webp (1.6.0):
    - libwebp/sharpyuv
  - mobile_scanner (7.0.0):
    - Flutter
    - FlutterMacOS
  - package_info_plus (0.4.5):
    - Flutter
  - purchases_flutter (10.12.0):
    - Flutter
    - PurchasesHybridCommon (= 18.37.0)
  - PurchasesHybridCommon (18.37.0):
    - RevenueCat (= 5.88.0)
  - record_ios (2.0.0):
    - Flutter
  - RevenueCat (5.88.0)
  - SDWebImage (5.21.7):
    - SDWebImage/Core (= 5.21.7)
  - SDWebImage/Core (5.21.7)
  - SDWebImageWebPCoder (0.15.0):
    - libwebp (~> 1.0)
    - SDWebImage/Core (~> 5.17)
  - share_plus (0.0.1):
    - Flutter
  - shared_preferences_foundation (0.0.1):
    - Flutter
    - FlutterMacOS
  - speech_to_text (7.2.0):
    - CwlCatchException
    - Flutter
    - FlutterMacOS
  - url_launcher_ios (0.0.1):
    - Flutter
  - video_player_avfoundation (0.0.1):
    - Flutter
    - FlutterMacOS
  - video_thumbnail_plus (0.0.1):
    - Flutter

DEPENDENCIES:
  - app_links (from `.symlinks/plugins/app_links/ios`)
  - audio_session (from `.symlinks/plugins/audio_session/ios`)
  - Flutter (from `Flutter`)
  - flutter_image_compress_common (from `.symlinks/plugins/flutter_image_compress_common/ios`)
  - flutter_timezone (from `.symlinks/plugins/flutter_timezone/ios`)
  - geolocator_apple (from `.symlinks/plugins/geolocator_apple/darwin`)
  - image_picker_ios (from `.symlinks/plugins/image_picker_ios/ios`)
  - just_audio (from `.symlinks/plugins/just_audio/darwin`)
  - mobile_scanner (from `.symlinks/plugins/mobile_scanner/darwin`)
  - package_info_plus (from `.symlinks/plugins/package_info_plus/ios`)
  - purchases_flutter (from `.symlinks/plugins/purchases_flutter/ios`)
  - record_ios (from `.symlinks/plugins/record_ios/ios`)
  - share_plus (from `.symlinks/plugins/share_plus/ios`)
  - shared_preferences_foundation (from `.symlinks/plugins/shared_preferences_foundation/darwin`)
  - speech_to_text (from `.symlinks/plugins/speech_to_text/darwin`)
  - url_launcher_ios (from `.symlinks/plugins/url_launcher_ios/ios`)
  - video_player_avfoundation (from `.symlinks/plugins/video_player_avfoundation/darwin`)
  - video_thumbnail_plus (from `.symlinks/plugins/video_thumbnail_plus/ios`)

SPEC REPOS:
  trunk:
    - CwlCatchException
    - CwlCatchExceptionSupport
    - libwebp
    - PurchasesHybridCommon
    - RevenueCat
    - SDWebImage
    - SDWebImageWebPCoder

EXTERNAL SOURCES:
  app_links:
    :path: ".symlinks/plugins/app_links/ios"
  audio_session:
    :path: ".symlinks/plugins/audio_session/ios"
  Flutter:
    :path: Flutter
  flutter_image_compress_common:
    :path: ".symlinks/plugins/flutter_image_compress_common/ios"
  flutter_timezone:
    :path: ".symlinks/plugins/flutter_timezone/ios"
  geolocator_apple:
    :path: ".symlinks/plugins/geolocator_apple/darwin"
  image_picker_ios:
    :path: ".symlinks/plugins/image_picker_ios/ios"
  just_audio:
    :path: ".symlinks/plugins/just_audio/darwin"
  mobile_scanner:
    :path: ".symlinks/plugins/mobile_scanner/darwin"
  package_info_plus:
    :path: ".symlinks/plugins/package_info_plus/ios"
  purchases_flutter:
    :path: ".symlinks/plugins/purchases_flutter/ios"
  record_ios:
    :path: ".symlinks/plugins/record_ios/ios"
  share_plus:
    :path: ".symlinks/plugins/share_plus/ios"
  shared_preferences_foundation:
    :path: ".symlinks/plugins/shared_preferences_foundation/darwin"
  speech_to_text:
    :path: ".symlinks/plugins/speech_to_text/darwin"
  url_launcher_ios:
    :path: ".symlinks/plugins/url_launcher_ios/ios"
  video_player_avfoundation:
    :path: ".symlinks/plugins/video_player_avfoundation/darwin"
  video_thumbnail_plus:
    :path: ".symlinks/plugins/video_thumbnail_plus/ios"

SPEC CHECKSUMS:
  app_links: a754cbec3c255bd4bbb4d236ecc06f28cd9a7ce8
  audio_session: 9bb7f6c970f21241b19f5a3658097ae459681ba0
  CwlCatchException: 7acc161b299a6de7f0a46a6ed741eae2c8b4d75a
  CwlCatchExceptionSupport: 54ccab8d8c78907b57f99717fb19d4cc3bce02dc
  Flutter: cabc95a1d2626b1b06e7179b784ebcf0c0cde467
  flutter_image_compress_common: 11d5dcfb36f4ded92320bfa896261813a073240e
  flutter_timezone: 7c838e17ffd4645d261e87037e5bebf6d38fe544
  geolocator_apple: ab36aa0e8b7d7a2d7639b3b4e48308394e8cef5e
  image_picker_ios: e0ece4aa2a75771a7de3fa735d26d90817041326
  just_audio: 4e391f57b79cad2b0674030a00453ca5ce817eed
  libwebp: af5937a13536ef73f3784d69cc342b98961acf33
  mobile_scanner: 9157936403f5a0644ca3779a38ff8404c5434a93
  package_info_plus: af8e2ca6888548050f16fa2f1938db7b5a5df499
  purchases_flutter: 2b5d794e1a67c6e200a2c9c623598055dcc3751c
  PurchasesHybridCommon: 2e72564d3393d480ca126d4d057737435dd7ccba
  record_ios: 390a30c7caaf8b5d0fb1cb1d2fd5064b48b4520c
  RevenueCat: 96e12da1f3de201c65f337ff661506ac28ee1514
  SDWebImage: e9fc87c1aab89a8ab1bbd74eba378c6f53be8abf
  SDWebImageWebPCoder: 0e06e365080397465cc73a7a9b472d8a3bd0f377
  share_plus: 50da8cb520a8f0f65671c6c6a99b3617ed10a58a
  shared_preferences_foundation: 7036424c3d8ec98dfe75ff1667cb0cd531ec82bb
  speech_to_text: 3b313d98516d3d0406cea424782ec25470c59d19
  url_launcher_ios: 7a95fa5b60cc718a708b8f2966718e93db0cef1b
  video_player_avfoundation: 3453f792138786248960ca029747fcd9f318ef52
  video_thumbnail_plus: f67daaab653b740b04f50495e2552b0c9a8cd76b

PODFILE CHECKSUM: 251cb053df7158f337c0712f2ab29f4e0fa474ce

COCOAPODS: 1.16.2
